// !$*UTF8*$!
{
	archiveVersion = 1;
	classes = {
	};
	objectVersion = 55;
	objects = {

/* Begin PBXBuildFile section */
		3C5F4A9A40857FC86ABA4922 /* Pods_QRcodeScanner.framework in Frameworks */ = {isa = PBXBuildFile; fileRef = 00DFC339C99FB318DD841B16 /* Pods_QRcodeScanner.framework */; };
		778FE9A4281ABDE0005735A0 /* AppDelegate.swift in Sources */ = {isa = PBXBuildFile; fileRef = 778FE9A3281ABDE0005735A0 /* AppDelegate.swift */; };
		778FE9A6281ABDE0005735A0 /* SceneDelegate.swift in Sources */ = {isa = PBXBuildFile; fileRef = 778FE9A5281ABDE0005735A0 /* SceneDelegate.swift */; };
		778FE9A8281ABDE0005735A0 /* ViewController.swift in Sources */ = {isa = PBXBuildFile; fileRef = 778FE9A7281ABDE0005735A0 /* ViewController.swift */; };
		778FE9AB281ABDE0005735A0 /* Main.storyboard in Resources */ = {isa = PBXBuildFile; fileRef = 778FE9A9281ABDE0005735A0 /* Main.storyboard */; };
		778FE9AD281ABDE2005735A0 /* Assets.xcassets in Resources */ = {isa = PBXBuildFile; fileRef = 778FE9AC281ABDE2005735A0 /* Assets.xcassets */; };
		778FE9B0281ABDE2005735A0 /* LaunchScreen.storyboard in Resources */ = {isa = PBXBuildFile; fileRef = 778FE9AE281ABDE2005735A0 /* LaunchScreen.storyboard */; };
/* End PBXBuildFile section */

/* Begin PBXFileReference section */
		00DFC339C99FB318DD841B16 /* Pods_QRcodeScanner.framework */ = {isa = PBXFileReference; explicitFileType = wrapper.framework; includeInIndex = 0; path = Pods_QRcodeScanner.framework; sourceTree = BUILT_PRODUCTS_DIR; };
		1F6DC368820166CF065F998E /* Pods-QRcodeScanner.release.xcconfig */ = {isa = PBXFileReference; includeInIndex = 1; lastKnownFileType = text.xcconfig; name = "Pods-QRcodeScanner.release.xcconfig"; path = "Target Support Files/Pods-QRcodeScanner/Pods-QRcodeScanner.release.xcconfig"; sourceTree = "<group>"; };
		2932CCBFB6C6F802AB9A3024 /* Pods-QRcodeScanner.debug.xcconfig */ = {isa = PBXFileReference; includeInIndex = 1; lastKnownFileType = text.xcconfig; name = "Pods-QRcodeScanner.debug.xcconfig"; path = "Target Support Files/Pods-QRcodeScanner/Pods-QRcodeScanner.debug.xcconfig"; sourceTree = "<group>"; };
		778FE9A0281ABDE0005735A0 /* QRcodeScanner.app */ = {isa = PBXFileReference; explicitFileType = wrapper.application; includeInIndex = 0; path = QRcodeScanner.app; sourceTree = BUILT_PRODUCTS_DIR; };
		778FE9A3281ABDE0005735A0 /* AppDelegate.swift */ = {isa = PBXFileReference; lastKnownFileType = sourcecode.swift; path = AppDelegate.swift; sourceTree = "<group>"; };
		778FE9A5281ABDE0005735A0 /* SceneDelegate.swift */ = {isa = PBXFileReference; lastKnownFileType = sourcecode.swift; path = SceneDelegate.swift; sourceTree = "<group>"; };
		778FE9A7281ABDE0005735A0 /* ViewController.swift */ = {isa = PBXFileReference; lastKnownFileType = sourcecode.swift; path = ViewController.swift; sourceTree = "<group>"; };
		778FE9AA281ABDE0005735A0 /* Base */ = {isa = PBXFileReference; lastKnownFileType = file.storyboard; name = Base; path = Base.lproj/Main.storyboard; sourceTree = "<group>"; };
		778FE9AC281ABDE2005735A0 /* Assets.xcassets */ = {isa = PBXFileReference; lastKnownFileType = folder.assetcatalog; path = Assets.xcassets; sourceTree = "<group>"; };
		778FE9AF281ABDE2005735A0 /* Base */ = {isa = PBXFileReference; lastKnownFileType = file.storyboard; name = Base; path = Base.lproj/LaunchScreen.storyboard; sourceTree = "<group>"; };
		778FE9B1281ABDE2005735A0 /* Info.plist */ = {isa = PBXFileReference; lastKnownFileType = text.plist.xml; path = Info.plist; sourceTree = "<group>"; };
/* End PBXFileReference section */

/* Begin PBXFrameworksBuildPhase section */
		778FE99D281ABDE0005735A0 /* Frameworks */ = {
			isa = PBXFrameworksBuildPhase;
			buildActionMask = 2147483647;
			files = (
				3C5F4A9A40857FC86ABA4922 /* Pods_QRcodeScanner.framework in Frameworks */,
			);
			runOnlyForDeploymentPostprocessing = 0;
		};
/* End PBXFrameworksBuildPhase section */

/* Begin PBXGroup section */
		5E9254CA5049E524BD73F30E /* Frameworks */ = {
			isa = PBXGroup;
			children = (
				00DFC339C99FB318DD841B16 /* Pods_QRcodeScanner.framework */,
			);
			name = Frameworks;
			sourceTree = "<group>";
		};
		778FE997281ABDE0005735A0 = {
			isa = PBXGroup;
			children = (
				778FE9A2281ABDE0005735A0 /* QRcodeScanner */,
				778FE9A1281ABDE0005735A0 /* Products */,
				E6C95D633D999936D676015D /* Pods */,
				5E9254CA5049E524BD73F30E /* Frameworks */,
			);
			sourceTree = "<group>";
		};
		778FE9A1281ABDE0005735A0 /* Products */ = {
			isa = PBXGroup;
			children = (
				778FE9A0281ABDE0005735A0 /* QRcodeScanner.app */,
			);
			name = Products;
			sourceTree = "<group>";
		};
		778FE9A2281ABDE0005735A0 /* QRcodeScanner */ = {
			isa = PBXGroup;
			children = (
				778FE9A3281ABDE0005735A0 /* AppDelegate.swift */,
				778FE9A5281ABDE0005735A0 /* SceneDelegate.swift */,
				778FE9A7281ABDE0005735A0 /* ViewController.swift */,
				778FE9A9281ABDE0005735A0 /* Main.storyboard */,
				778FE9AC281ABDE2005735A0 /* Assets.xcassets */,
				778FE9AE281ABDE2005735A0 /* LaunchScreen.storyboard */,
				778FE9B1281ABDE2005735A0 /* Info.plist */,
			);
			path = QRcodeScanner;
			sourceTree = "<group>";
		};
		E6C95D633D999936D676015D /* Pods */ = {
			isa = PBXGroup;
			children = (
				2932CCBFB6C6F802AB9A3024 /* Pods-QRcodeScanner.debug.xcconfig */,
				1F6DC368820166CF065F998E /* Pods-QRcodeScanner.release.xcconfig */,
			);
			path = Pods;
			sourceTree = "<group>";
		};
/* End PBXGroup section */

/* Begin PBXNativeTarget section */
		778FE99F281ABDE0005735A0 /* QRcodeScanner */ = {
			isa = PBXNativeTarget;
			buildConfigurationList = 778FE9B4281ABDE2005735A0 /* Build configuration list for PBXNativeTarget "QRcodeScanner" */;
			buildPhases = (
				9235C4B84922180238A7F44C /* [CP] Check Pods Manifest.lock */,
				778FE99C281ABDE0005735A0 /* Sources */,
				778FE99D281ABDE0005735A0 /* Frameworks */,
				778FE99E281ABDE0005735A0 /* Resources */,
				3C23D688DE98ADDDA5303C39 /* [CP] Embed Pods Frameworks */,
			);
			buildRules = (
			);
			dependencies = (
			);
			name = QRcodeScanner;
			productName = QRcodeScanner;
			productReference = 778FE9A0281ABDE0005735A0 /* QRcodeScanner.app */;
			productType = "com.apple.product-type.application";
		};
/* End PBXNativeTarget section */

/* Begin PBXProject section */
		778FE998281ABDE0005735A0 /* Project object */ = {
			isa = PBXProject;
			attributes = {
				BuildIndependentTargetsInParallel = 1;
				LastSwiftUpdateCheck = 1320;
				LastUpgradeCheck = 1320;
				TargetAttributes = {
					778FE99F281ABDE0005735A0 = {
						CreatedOnToolsVersion = 13.2.1;
					};
				};
			};
			buildConfigurationList = 778FE99B281ABDE0005735A0 /* Build configuration list for PBXProject "QRcodeScanner" */;
			compatibilityVersion = "Xcode 13.0";
			developmentRegion = en;
			hasScannedForEncodings = 0;
			knownRegions = (
				en,
				Base,
			);
			mainGroup = 778FE997281ABDE0005735A0;
			productRefGroup = 778FE9A1281ABDE0005735A0 /* Products */;
			projectDirPath = "";
			projectRoot = "";
			targets = (
				778FE99F281ABDE0005735A0 /* QRcodeScanner */,
			);
		};
/* End PBXProject section */

/* Begin PBXResourcesBuildPhase section */
		778FE99E281ABDE0005735A0 /* Resources */ = {
			isa = PBXResourcesBuildPhase;
			buildActionMask = 2147483647;
			files = (
				778FE9B0281ABDE2005735A0 /* LaunchScreen.storyboard in Resources */,
				778FE9AD281ABDE2005735A0 /* Assets.xcassets in Resources */,
				778FE9AB281ABDE0005735A0 /* Main.storyboard in Resources */,
			);
			runOnlyForDeploymentPostprocessing = 0;
		};
/* End PBXResourcesBuildPhase section */

/* Begin PBXShellScriptBuildPhase section */
		3C23D688DE98ADDDA5303C39 /* [CP] Embed Pods Frameworks */ = {
			isa = PBXShellScriptBuildPhase;
			buildActionMask = 2147483647;
			files = (
			);
			inputFileListPaths = (
				"${PODS_ROOT}/Target Support Files/Pods-QRcodeScanner/Pods-QRcodeScanner-frameworks-${CONFIGURATION}-input-files.xcfilelist",
			);
			name = "[CP] Embed Pods Frameworks";
			outputFileListPaths = (
				"${PODS_ROOT}/Target Support Files/Pods-QRcodeScanner/Pods-QRcodeScanner-frameworks-${CONFIGURATION}-output-files.xcfilelist",
			);
			runOnlyForDeploymentPostprocessing = 0;
			shellPath = /bin/sh;
			shellScript = "\"${PODS_ROOT}/Target Support Files/Pods-QRcodeScanner/Pods-QRcodeScanner-frameworks.sh\"\n";
			showEnvVarsInLog = 0;
		};
		9235C4B84922180238A7F44C /* [CP] Check Pods Manifest.lock */ = {
			isa = PBXShellScriptBuildPhase;
			buildActionMask = 2147483647;
			files = (
			);
			inputFileListPaths = (
			);
			inputPaths = (
				"${PODS_PODFILE_DIR_PATH}/Podfile.lock",
				"${PODS_ROOT}/Manifest.lock",
			);
			name = "[CP] Check Pods Manifest.lock";
			outputFileListPaths = (
			);
			outputPaths = (
				"$(DERIVED_FILE_DIR)/Pods-QRcodeScanner-checkManifestLockResult.txt",
			);
			runOnlyForDeploymentPostprocessing = 0;
			shellPath = /bin/sh;
			shellScript = "diff \"${PODS_PODFILE_DIR_PATH}/Podfile.lock\" \"${PODS_ROOT}/Manifest.lock\" > /dev/null\nif [ $? != 0 ] ; then\n    # print error to STDERR\n    echo \"error: The sandbox is not in sync with the Podfile.lock. Run 'pod install' or update your CocoaPods installation.\" >&2\n    exit 1\nfi\n# This output is used by Xcode 'outputs' to avoid re-running this script phase.\necho \"SUCCESS\" > \"${SCRIPT_OUTPUT_FILE_0}\"\n";
			showEnvVarsInLog = 0;
		};
/* End PBXShellScriptBuildPhase section */

/* Begin PBXSourcesBuildPhase section */
		778FE99C281ABDE0005735A0 /* Sources */ = {
			isa = PBXSourcesBuildPhase;
			buildActionMask = 2147483647;
			files = (
				778FE9A8281ABDE0005735A0 /* ViewController.swift in Sources */,
				778FE9A4281ABDE0005735A0 /* AppDelegate.swift in Sources */,
				778FE9A6281ABDE0005735A0 /* SceneDelegate.swift in Sources */,
			);
			runOnlyForDeploymentPostprocessing = 0;
		};
/* End PBXSourcesBuildPhase section */

/* Begin PBXVariantGroup section */
		778FE9A9281ABDE0005735A0 /* Main.storyboard */ = {
			isa = PBXVariantGroup;
			children = (
				778FE9AA281ABDE0005735A0 /* Base */,
			);
			name = Main.storyboard;
			sourceTree = "<group>";
		};
		778FE9AE281ABDE2005735A0 /* LaunchScreen.storyboard */ = {
			isa = PBXVariantGroup;
			children = (
				778FE9AF281ABDE2005735A0 /* Base */,
			);
			name = LaunchScreen.storyboard;
			sourceTree = "<group>";
		};
/* End PBXVariantGroup section */

/* Begin XCBuildConfiguration section */
		778FE9B2281ABDE2005735A0 /* Debug */ = {
			isa = XCBuildConfiguration;
			buildSettings = {
				ALWAYS_SEARCH_USER_PATHS = NO;
				CLANG_ANALYZER_NONNULL = YES;
				CLANG_ANALYZER_NUMBER_OBJECT_CONVERSION = YES_AGGRESSIVE;
				CLANG_CXX_LANGUAGE_STANDARD = "gnu++17";
				CLANG_CXX_LIBRARY = "libc++";
				CLANG_ENABLE_MODULES = YES;
				CLANG_ENABLE_OBJC_ARC = YES;
				CLANG_ENABLE_OBJC_WEAK = YES;
				CLANG_WARN_BLOCK_CAPTURE_AUTORELEASING = YES;
				CLANG_WARN_BOOL_CONVERSION = YES;
				CLANG_WARN_COMMA = YES;
				CLANG_WARN_CONSTANT_CONVERSION = YES;
				CLANG_WARN_DEPRECATED_OBJC_IMPLEMENTATIONS = YES;
				CLANG_WARN_DIRECT_OBJC_ISA_USAGE = YES_ERROR;
				CLANG_WARN_DOCUMENTATION_COMMENTS = YES;
				CLANG_WARN_EMPTY_BODY = YES;
				CLANG_WARN_ENUM_CONVERSION = YES;
				CLANG_WARN_INFINITE_RECURSION = YES;
				CLANG_WARN_INT_CONVERSION = YES;
				CLANG_WARN_NON_LITERAL_NULL_CONVERSION = YES;
				CLANG_WARN_OBJC_IMPLICIT_RETAIN_SELF = YES;
				CLANG_WARN_OBJC_LITERAL_CONVERSION = YES;
				CLANG_WARN_OBJC_ROOT_CLASS = YES_ERROR;
				CLANG_WARN_QUOTED_INCLUDE_IN_FRAMEWORK_HEADER = YES;
				CLANG_WARN_RANGE_LOOP_ANALYSIS = YES;
				CLANG_WARN_STRICT_PROTOTYPES = YES;
				CLANG_WARN_SUSPICIOUS_MOVE = YES;
				CLANG_WARN_UNGUARDED_AVAILABILITY = YES_AGGRESSIVE;
				CLANG_WARN_UNREACHABLE_CODE = YES;
				CLANG_WARN__DUPLICATE_METHOD_MATCH = YES;
				COPY_PHASE_STRIP = NO;
				DEBUG_INFORMATION_FORMAT = dwarf;
				ENABLE_STRICT_OBJC_MSGSEND = YES;
				ENABLE_TESTABILITY = YES;
				GCC_C_LANGUAGE_STANDARD = gnu11;
				GCC_DYNAMIC_NO_PIC = NO;
				GCC_NO_COMMON_BLOCKS = YES;
				GCC_OPTIMIZATION_LEVEL = 0;
				GCC_PREPROCESSOR_DEFINITIONS = (
					"DEBUG=1",
					"$(inherited)",
				);
				GCC_WARN_64_TO_32_BIT_CONVERSION = YES;
				GCC_WARN_ABOUT_RETURN_TYPE = YES_ERROR;
				GCC_WARN_UNDECLARED_SELECTOR = YES;
				GCC_WARN_UNINITIALIZED_AUTOS = YES_AGGRESSIVE;
				GCC_WARN_UNUSED_FUNCTION = YES;
				GCC_WARN_UNUSED_VARIABLE = YES;
				IPHONEOS_DEPLOYMENT_TARGET = 15.2;
				MTL_ENABLE_DEBUG_INFO = INCLUDE_SOURCE;
				MTL_FAST_MATH = YES;
				ONLY_ACTIVE_ARCH = YES;
				SDKROOT = iphoneos;
				SWIFT_ACTIVE_COMPILATION_CONDITIONS = DEBUG;
				SWIFT_OPTIMIZATION_LEVEL = "-Onone";
			};
			name = Debug;
		};
		778FE9B3281ABDE2005735A0 /* Release */ = {
			isa = XCBuildConfiguration;
			buildSettings = {
				ALWAYS_SEARCH_USER_PATHS = NO;
				CLANG_ANALYZER_NONNULL = YES;
				CLANG_ANALYZER_NUMBER_OBJECT_CONVERSION = YES_AGGRESSIVE;
				CLANG_CXX_LANGUAGE_STANDARD = "gnu++17";
				CLANG_CXX_LIBRARY = "libc++";
				CLANG_ENABLE_MODULES = YES;
				CLANG_ENABLE_OBJC_ARC = YES;
				CLANG_ENABLE_OBJC_WEAK = YES;
				CLANG_WARN_BLOCK_CAPTURE_AUTORELEASING = YES;
				CLANG_WARN_BOOL_CONVERSION = YES;
				CLANG_WARN_COMMA = YES;
				CLANG_WARN_CONSTANT_CONVERSION = YES;
				CLANG_WARN_DEPRECATED_OBJC_IMPLEMENTATIONS = YES;
				CLANG_WARN_DIRECT_OBJC_ISA_USAGE = YES_ERROR;
				CLANG_WARN_DOCUMENTATION_COMMENTS = YES;
				CLANG_WARN_EMPTY_BODY = YES;
				CLANG_WARN_ENUM_CONVERSION = YES;
				CLANG_WARN_INFINITE_RECURSION = YES;
				CLANG_WARN_INT_CONVERSION = YES;
				CLANG_WARN_NON_LITERAL_NULL_CONVERSION = YES;
				CLANG_WARN_OBJC_IMPLICIT_RETAIN_SELF = YES;
				CLANG_WARN_OBJC_LITERAL_CONVERSION = YES;
				CLANG_WARN_OBJC_ROOT_CLASS = YES_ERROR;
				CLANG_WARN_QUOTED_INCLUDE_IN_FRAMEWORK_HEADER = YES;
				CLANG_WARN_RANGE_LOOP_ANALYSIS = YES;
				CLANG_WARN_STRICT_PROTOTYPES = YES;
				CLANG_WARN_SUSPICIOUS_MOVE = YES;
				CLANG_WARN_UNGUARDED_AVAILABILITY = YES_AGGRESSIVE;
				CLANG_WARN_UNREACHABLE_CODE = YES;
				CLANG_WARN__DUPLICATE_METHOD_MATCH = YES;
				COPY_PHASE_STRIP = NO;
				DEBUG_INFORMATION_FORMAT = "dwarf-with-dsym";
				ENABLE_NS_ASSERTIONS = NO;
				ENABLE_STRICT_OBJC_MSGSEND = YES;
				GCC_C_LANGUAGE_STANDARD = gnu11;
				GCC_NO_COMMON_BLOCKS = YES;
				GCC_WARN_64_TO_32_BIT_CONVERSION = YES;
				GCC_WARN_ABOUT_RETURN_TYPE = YES_ERROR;
				GCC_WARN_UNDECLARED_SELECTOR = YES;
				GCC_WARN_UNINITIALIZED_AUTOS = YES_AGGRESSIVE;
				GCC_WARN_UNUSED_FUNCTION = YES;
				GCC_WARN_UNUSED_VARIABLE = YES;
				IPHONEOS_DEPLOYMENT_TARGET = 15.2;
				MTL_ENABLE_DEBUG_INFO = NO;
				MTL_FAST_MATH = YES;
				SDKROOT = iphoneos;
				SWIFT_COMPILATION_MODE = wholemodule;
				SWIFT_OPTIMIZATION_LEVEL = "-O";
				VALIDATE_PRODUCT = YES;
			};
			name = Release;
		};
		778FE9B5281ABDE2005735A0 /* Debug */ = {
			isa = XCBuildConfiguration;
			baseConfigurationReference = 2932CCBFB6C6F802AB9A3024 /* Pods-QRcodeScanner.debug.xcconfig */;
			buildSettings = {
				ASSETCATALOG_COMPILER_APPICON_NAME = AppIcon;
				ASSETCATALOG_COMPILER_GLOBAL_ACCENT_COLOR_NAME = AccentColor;
				CODE_SIGN_STYLE = Automatic;
				CURRENT_PROJECT_VERSION = 1;
				DEVELOPMENT_TEAM = 263KN67HKB;
				GENERATE_INFOPLIST_FILE = YES;
				INFOPLIST_FILE = QRcodeScanner/Info.plist;
				INFOPLIST_KEY_UIApplicationSupportsIndirectInputEvents = YES;
				INFOPLIST_KEY_UILaunchStoryboardName = LaunchScreen;
				INFOPLIST_KEY_UIMainStoryboardFile = Main;
				INFOPLIST_KEY_UISupportedInterfaceOrientations_iPad = "UIInterfaceOrientationPortrait UIInterfaceOrientationPortraitUpsideDown UIInterfaceOrientationLandscapeLeft UIInterfaceOrientationLandscapeRight";
				INFOPLIST_KEY_UISupportedInterfaceOrientations_iPhone = "UIInterfaceOrientationPortrait UIInterfaceOrientationLandscapeLeft UIInterfaceOrientationLandscapeRight";
				LD_RUNPATH_SEARCH_PATHS = (
					"$(inherited)",
					"@executable_path/Frameworks",
				);
				MARKETING_VERSION = 1.0;
				PRODUCT_BUNDLE_IDENTIFIER = my.QRcodeScanner;
				PRODUCT_NAME = "$(TARGET_NAME)";
				SWIFT_EMIT_LOC_STRINGS = YES;
				SWIFT_VERSION = 5.0;
				TARGETED_DEVICE_FAMILY = "1,2";
			};
			name = Debug;
		};
		778FE9B6281ABDE2005735A0 /* Release */ = {
			isa = XCBuildConfiguration;
			baseConfigurationReference = 1F6DC368820166CF065F998E /* Pods-QRcodeScanner.release.xcconfig */;
			buildSettings = {
				ASSETCATALOG_COMPILER_APPICON_NAME = AppIcon;
				ASSETCATALOG_COMPILER_GLOBAL_ACCENT_COLOR_NAME = AccentColor;
				CODE_SIGN_STYLE = Automatic;
				CURRENT_PROJECT_VERSION = 1;
				DEVELOPMENT_TEAM = 263KN67HKB;
				GENERATE_INFOPLIST_FILE = YES;
				INFOPLIST_FILE = QRcodeScanner/Info.plist;
				INFOPLIST_KEY_UIApplicationSupportsIndirectInputEvents = YES;
				INFOPLIST_KEY_UILaunchStoryboardName = LaunchScreen;
				INFOPLIST_KEY_UIMainStoryboardFile = Main;
				INFOPLIST_KEY_UISupportedInterfaceOrientations_iPad = "UIInterfaceOrientationPortrait UIInterfaceOrientationPortraitUpsideDown UIInterfaceOrientationLandscapeLeft UIInterfaceOrientationLandscapeRight";
				INFOPLIST_KEY_UISupportedInterfaceOrientations_iPhone = "UIInterfaceOrientationPortrait UIInterfaceOrientationLandscapeLeft UIInterfaceOrientationLandscapeRight";
				LD_RUNPATH_SEARCH_PATHS = (
					"$(inherited)",
					"@executable_path/Frameworks",
				);
				MARKETING_VERSION = 1.0;
				PRODUCT_BUNDLE_IDENTIFIER = my.QRcodeScanner;
				PRODUCT_NAME = "$(TARGET_NAME)";
				SWIFT_EMIT_LOC_STRINGS = YES;
				SWIFT_VERSION = 5.0;
				TARGETED_DEVICE_FAMILY = "1,2";
			};
			name = Release;
		};
/* End XCBuildConfiguration section */

/* Begin XCConfigurationList section */
		778FE99B281ABDE0005735A0 /* Build configuration list for PBXProject "QRcodeScanner" */ = {
			isa = XCConfigurationList;
			buildConfigurations = (
				778FE9B2281ABDE2005735A0 /* Debug */,
				778FE9B3281ABDE2005735A0 /* Release */,
			);
			defaultConfigurationIsVisible = 0;
			defaultConfigurationName = Release;
		};
		778FE9B4281ABDE2005735A0 /* Build configuration list for PBXNativeTarget "QRcodeScanner" */ = {
			isa = XCConfigurationList;
			buildConfigurations = (
				778FE9B5281ABDE2005735A0 /* Debug */,
				778FE9B6281ABDE2005735A0 /* Release */,
			);
			defaultConfigurationIsVisible = 0;
			defaultConfigurationName = Release;
		};
/* End XCConfigurationList section */
	};
	rootObject = 778FE998281ABDE0005735A0 /* Project object */;
}
